
Microsoft Visual Studio Solution File, Format Version 12.00
# Visual Studio Version 17
VisualStudioVersion = 17.0.32126.317
MinimumVisualStudioVersion = 10.0.40219.1
Project("{FAE04EC0-301F-11D3-BF4B-00C04F79EFBC}") = "ConsoleUI", "ConsoleUI\ConsoleUI.csproj", "{077C0273-A314-42AA-8884-11827CF74844}"
EndProject
Project("{FAE04EC0-301F-11D3-BF4B-00C04F79EFBC}") = "GuestBookLibrary", "GuestBookLibrary\GuestBookLibrary.csproj", "{7AF373C1-12F6-4221-B4FF-53DCBA2DE9B8}"
EndProject
Global
	GlobalSection(SolutionConfigurationPlatforms) = preSolution
		Debug|Any CPU = Debug|Any CPU
		Release|Any CPU = Release|Any CPU
	EndGlobalSection
	GlobalSection(ProjectConfigurationPlatforms) = postSolution
		{077C0273-A314-42AA-8884-11827CF74844}.Debug|Any CPU.ActiveCfg = Debug|Any CPU
		{077C0273-A314-42AA-8884-11827CF74844}.Debug|Any CPU.Build.0 = Debug|Any CPU
		{077C0273-A314-42AA-8884-11827CF74844}.Release|Any CPU.ActiveCfg = Release|Any CPU
		{077C0273-A314-42AA-8884-11827CF74844}.Release|Any CPU.Build.0 = Release|Any CPU
		{7AF373C1-12F6-4221-B4FF-53DCBA2DE9B8}.Debug|Any CPU.ActiveCfg = Debug|Any CPU
		{7AF373C1-12F6-4221-B4FF-53DCBA2DE9B8}.Debug|Any CPU.Build.0 = Debug|Any CPU
		{7AF373C1-12F6-4221-B4FF-53DCBA2DE9B8}.Release|Any CPU.ActiveCfg = Release|Any CPU
		{7AF373C1-12F6-4221-B4FF-53DCBA2DE9B8}.Release|Any CPU.Build.0 = Release|Any CPU
	EndGlobalSection
	GlobalSection(SolutionProperties) = preSolution
		HideSolutionNode = FALSE
	EndGlobalSection
	GlobalSection(ExtensibilityGlobals) = postSolution
		SolutionGuid = {32100ADC-18BB-4423-8AEA-FE1DFACE1E24}
	EndGlobalSection
EndGlobal
